// !$*UTF8*$!
{
	archiveVersion = 1;
	classes = {
	};
	objectVersion = 46;
	objects = {

/* Begin PBXBuildFile section */
		4181634719A9207600287289 /* AppDelegate.swift in Sources */ = {isa = PBXBuildFile; fileRef = 4181634619A9207600287289 /* AppDelegate.swift */; };
		4181634919A9207600287289 /* ViewController.swift in Sources */ = {isa = PBXBuildFile; fileRef = 4181634819A9207600287289 /* ViewController.swift */; };
		4181634E19A9207600287289 /* Images.xcassets in Resources */ = {isa = PBXBuildFile; fileRef = 4181634D19A9207600287289 /* Images.xcassets */; };
		4181635A19A9207600287289 /* App_V0Tests.swift in Sources */ = {isa = PBXBuildFile; fileRef = 4181635919A9207600287289 /* App_V0Tests.swift */; };
		4181636619A9301B00287289 /* connect.png in Resources */ = {isa = PBXBuildFile; fileRef = 4181636519A9301B00287289 /* connect.png */; };
		4181636819A9349600287289 /* ConnectionViewController.swift in Sources */ = {isa = PBXBuildFile; fileRef = 4181636719A9349600287289 /* ConnectionViewController.swift */; };
		4181637019AA0FB900287289 /* login.png in Resources */ = {isa = PBXBuildFile; fileRef = 4181636F19AA0FB900287289 /* login.png */; };
		4181637419AA2D2F00287289 /* Main.storyboard in Resources */ = {isa = PBXBuildFile; fileRef = 4181637319AA2D2F00287289 /* Main.storyboard */; };
		4181637619AA2F8D00287289 /* ConnectedViewController.swift in Sources */ = {isa = PBXBuildFile; fileRef = 4181637519AA2F8D00287289 /* ConnectedViewController.swift */; };
		4181637819AA3B9A00287289 /* manLogo.png in Resources */ = {isa = PBXBuildFile; fileRef = 4181637719AA3B9A00287289 /* manLogo.png */; };
		4181637A19AA3C4A00287289 /* womanLogo.png in Resources */ = {isa = PBXBuildFile; fileRef = 4181637919AA3C4A00287289 /* womanLogo.png */; };
		4181637C19AA3D9E00287289 /* unknownLogo.png in Resources */ = {isa = PBXBuildFile; fileRef = 4181637B19AA3D9E00287289 /* unknownLogo.png */; };
		4181637E19AA406E00287289 /* newConquestViewController.swift in Sources */ = {isa = PBXBuildFile; fileRef = 4181637D19AA406E00287289 /* newConquestViewController.swift */; };
		4181638019AA59FB00287289 /* send.png in Resources */ = {isa = PBXBuildFile; fileRef = 4181637F19AA59FB00287289 /* send.png */; };
		4181638219AA6A8C00287289 /* RankingConquestViewController.swift in Sources */ = {isa = PBXBuildFile; fileRef = 4181638119AA6A8C00287289 /* RankingConquestViewController.swift */; };
		7B08CC5B19B1FD6B00EAE1B9 /* AppearanceConquestViewController.swift in Sources */ = {isa = PBXBuildFile; fileRef = 7B08CC5A19B1FD6B00EAE1B9 /* AppearanceConquestViewController.swift */; };
		7B723A8B19B219B00046FB56 /* WhereConquestViewController.swift in Sources */ = {isa = PBXBuildFile; fileRef = 7B723A8A19B219B00046FB56 /* WhereConquestViewController.swift */; };
		7B723AC519B22C240046FB56 /* airport.png in Resources */ = {isa = PBXBuildFile; fileRef = 7B723AB719B22C240046FB56 /* airport.png */; };
		7B723AC619B22C240046FB56 /* beach.png in Resources */ = {isa = PBXBuildFile; fileRef = 7B723AB819B22C240046FB56 /* beach.png */; };
		7B723AC719B22C240046FB56 /* bedroom.png in Resources */ = {isa = PBXBuildFile; fileRef = 7B723AB919B22C240046FB56 /* bedroom.png */; };
		7B723AC819B22C240046FB56 /* car.png in Resources */ = {isa = PBXBuildFile; fileRef = 7B723ABA19B22C240046FB56 /* car.png */; };
		7B723AC919B22C240046FB56 /* church.png in Resources */ = {isa = PBXBuildFile; fileRef = 7B723ABB19B22C240046FB56 /* church.png */; };
		7B723ACA19B22C240046FB56 /* club.png in Resources */ = {isa = PBXBuildFile; fileRef = 7B723ABC19B22C240046FB56 /* club.png */; };
		7B723ACB19B22C240046FB56 /* hotel.png in Resources */ = {isa = PBXBuildFile; fileRef = 7B723ABD19B22C240046FB56 /* hotel.png */; };
		7B723ACC19B22C240046FB56 /* jacuzzi.png in Resources */ = {isa = PBXBuildFile; fileRef = 7B723ABE19B22C240046FB56 /* jacuzzi.png */; };
		7B723ACD19B22C240046FB56 /* kitchen.png in Resources */ = {isa = PBXBuildFile; fileRef = 7B723ABF19B22C240046FB56 /* kitchen.png */; };
		7B723ACE19B22C240046FB56 /* parking.png in Resources */ = {isa = PBXBuildFile; fileRef = 7B723AC019B22C240046FB56 /* parking.png */; };
		7B723ACF19B22C240046FB56 /* street.png in Resources */ = {isa = PBXBuildFile; fileRef = 7B723AC119B22C240046FB56 /* street.png */; };
		7B723AD019B22C240046FB56 /* theatre.png in Resources */ = {isa = PBXBuildFile; fileRef = 7B723AC219B22C240046FB56 /* theatre.png */; };
		7B723AD119B22C240046FB56 /* titles.psd in Resources */ = {isa = PBXBuildFile; fileRef = 7B723AC319B22C240046FB56 /* titles.psd */; };
		7B723AD219B22C240046FB56 /* toilets.png in Resources */ = {isa = PBXBuildFile; fileRef = 7B723AC419B22C240046FB56 /* toilets.png */; };
		7B723AD419B2360D0046FB56 /* SendConquestViewController.swift in Sources */ = {isa = PBXBuildFile; fileRef = 7B723AD319B2360D0046FB56 /* SendConquestViewController.swift */; };
		7B7527A319B389840096E7ED /* logo1.png in Resources */ = {isa = PBXBuildFile; fileRef = 7B7527A219B389840096E7ED /* logo1.png */; };
/* End PBXBuildFile section */

/* Begin PBXContainerItemProxy section */
		4181635419A9207600287289 /* PBXContainerItemProxy */ = {
			isa = PBXContainerItemProxy;
			containerPortal = 4181633919A9207600287289 /* Project object */;
			proxyType = 1;
			remoteGlobalIDString = 4181634019A9207600287289;
			remoteInfo = App_V0;
		};
/* End PBXContainerItemProxy section */

/* Begin PBXFileReference section */
		4181634119A9207600287289 /* App_V0.app */ = {isa = PBXFileReference; explicitFileType = wrapper.application; includeInIndex = 0; path = App_V0.app; sourceTree = BUILT_PRODUCTS_DIR; };
		4181634519A9207600287289 /* Info.plist */ = {isa = PBXFileReference; lastKnownFileType = text.plist.xml; path = Info.plist; sourceTree = "<group>"; };
		4181634619A9207600287289 /* AppDelegate.swift */ = {isa = PBXFileReference; lastKnownFileType = sourcecode.swift; path = AppDelegate.swift; sourceTree = "<group>"; };
		4181634819A9207600287289 /* ViewController.swift */ = {isa = PBXFileReference; lastKnownFileType = sourcecode.swift; path = ViewController.swift; sourceTree = "<group>"; };
		4181634D19A9207600287289 /* Images.xcassets */ = {isa = PBXFileReference; lastKnownFileType = folder.assetcatalog; path = Images.xcassets; sourceTree = "<group>"; };
		4181635319A9207600287289 /* App_V0Tests.xctest */ = {isa = PBXFileReference; explicitFileType = wrapper.cfbundle; includeInIndex = 0; path = App_V0Tests.xctest; sourceTree = BUILT_PRODUCTS_DIR; };
		4181635819A9207600287289 /* Info.plist */ = {isa = PBXFileReference; lastKnownFileType = text.plist.xml; path = Info.plist; sourceTree = "<group>"; };
		4181635919A9207600287289 /* App_V0Tests.swift */ = {isa = PBXFileReference; lastKnownFileType = sourcecode.swift; path = App_V0Tests.swift; sourceTree = "<group>"; };
		4181636519A9301B00287289 /* connect.png */ = {isa = PBXFileReference; lastKnownFileType = image.png; path = connect.png; sourceTree = "<group>"; };
		4181636719A9349600287289 /* ConnectionViewController.swift */ = {isa = PBXFileReference; fileEncoding = 4; lastKnownFileType = sourcecode.swift; path = ConnectionViewController.swift; sourceTree = "<group>"; };
		4181636F19AA0FB900287289 /* login.png */ = {isa = PBXFileReference; lastKnownFileType = image.png; path = login.png; sourceTree = "<group>"; };
		4181637319AA2D2F00287289 /* Main.storyboard */ = {isa = PBXFileReference; fileEncoding = 4; lastKnownFileType = file.storyboard; path = Main.storyboard; sourceTree = "<group>"; };
		4181637519AA2F8D00287289 /* ConnectedViewController.swift */ = {isa = PBXFileReference; fileEncoding = 4; lastKnownFileType = sourcecode.swift; path = ConnectedViewController.swift; sourceTree = "<group>"; };
		4181637719AA3B9A00287289 /* manLogo.png */ = {isa = PBXFileReference; lastKnownFileType = image.png; path = manLogo.png; sourceTree = "<group>"; };
		4181637919AA3C4A00287289 /* womanLogo.png */ = {isa = PBXFileReference; lastKnownFileType = image.png; path = womanLogo.png; sourceTree = "<group>"; };
		4181637B19AA3D9E00287289 /* unknownLogo.png */ = {isa = PBXFileReference; lastKnownFileType = image.png; path = unknownLogo.png; sourceTree = "<group>"; };
		4181637D19AA406E00287289 /* newConquestViewController.swift */ = {isa = PBXFileReference; fileEncoding = 4; lastKnownFileType = sourcecode.swift; path = newConquestViewController.swift; sourceTree = "<group>"; };
		4181637F19AA59FB00287289 /* send.png */ = {isa = PBXFileReference; lastKnownFileType = image.png; path = send.png; sourceTree = "<group>"; };
		4181638119AA6A8C00287289 /* RankingConquestViewController.swift */ = {isa = PBXFileReference; fileEncoding = 4; lastKnownFileType = sourcecode.swift; path = RankingConquestViewController.swift; sourceTree = "<group>"; };
		7B08CC5A19B1FD6B00EAE1B9 /* AppearanceConquestViewController.swift */ = {isa = PBXFileReference; fileEncoding = 4; lastKnownFileType = sourcecode.swift; path = AppearanceConquestViewController.swift; sourceTree = "<group>"; };
		7B723A8A19B219B00046FB56 /* WhereConquestViewController.swift */ = {isa = PBXFileReference; fileEncoding = 4; lastKnownFileType = sourcecode.swift; path = WhereConquestViewController.swift; sourceTree = "<group>"; };
		7B723AB719B22C240046FB56 /* airport.png */ = {isa = PBXFileReference; lastKnownFileType = image.png; path = airport.png; sourceTree = "<group>"; };
		7B723AB819B22C240046FB56 /* beach.png */ = {isa = PBXFileReference; lastKnownFileType = image.png; path = beach.png; sourceTree = "<group>"; };
		7B723AB919B22C240046FB56 /* bedroom.png */ = {isa = PBXFileReference; lastKnownFileType = image.png; path = bedroom.png; sourceTree = "<group>"; };
		7B723ABA19B22C240046FB56 /* car.png */ = {isa = PBXFileReference; lastKnownFileType = image.png; path = car.png; sourceTree = "<group>"; };
		7B723ABB19B22C240046FB56 /* church.png */ = {isa = PBXFileReference; lastKnownFileType = image.png; path = church.png; sourceTree = "<group>"; };
		7B723ABC19B22C240046FB56 /* club.png */ = {isa = PBXFileReference; lastKnownFileType = image.png; path = club.png; sourceTree = "<group>"; };
		7B723ABD19B22C240046FB56 /* hotel.png */ = {isa = PBXFileReference; lastKnownFileType = image.png; path = hotel.png; sourceTree = "<group>"; };
		7B723ABE19B22C240046FB56 /* jacuzzi.png */ = {isa = PBXFileReference; lastKnownFileType = image.png; path = jacuzzi.png; sourceTree = "<group>"; };
		7B723ABF19B22C240046FB56 /* kitchen.png */ = {isa = PBXFileReference; lastKnownFileType = image.png; path = kitchen.png; sourceTree = "<group>"; };
		7B723AC019B22C240046FB56 /* parking.png */ = {isa = PBXFileReference; lastKnownFileType = image.png; path = parking.png; sourceTree = "<group>"; };
		7B723AC119B22C240046FB56 /* street.png */ = {isa = PBXFileReference; lastKnownFileType = image.png; path = street.png; sourceTree = "<group>"; };
		7B723AC219B22C240046FB56 /* theatre.png */ = {isa = PBXFileReference; lastKnownFileType = image.png; path = theatre.png; sourceTree = "<group>"; };
		7B723AC319B22C240046FB56 /* titles.psd */ = {isa = PBXFileReference; lastKnownFileType = file; path = titles.psd; sourceTree = "<group>"; };
		7B723AC419B22C240046FB56 /* toilets.png */ = {isa = PBXFileReference; lastKnownFileType = image.png; path = toilets.png; sourceTree = "<group>"; };
		7B723AD319B2360D0046FB56 /* SendConquestViewController.swift */ = {isa = PBXFileReference; fileEncoding = 4; lastKnownFileType = sourcecode.swift; path = SendConquestViewController.swift; sourceTree = "<group>"; };
		7B7527A219B389840096E7ED /* logo1.png */ = {isa = PBXFileReference; lastKnownFileType = image.png; path = logo1.png; sourceTree = "<group>"; };
/* End PBXFileReference section */

/* Begin PBXFrameworksBuildPhase section */
		4181633E19A9207600287289 /* Frameworks */ = {
			isa = PBXFrameworksBuildPhase;
			buildActionMask = 2147483647;
			files = (
			);
			runOnlyForDeploymentPostprocessing = 0;
		};
		4181635019A9207600287289 /* Frameworks */ = {
			isa = PBXFrameworksBuildPhase;
			buildActionMask = 2147483647;
			files = (
			);
			runOnlyForDeploymentPostprocessing = 0;
		};
/* End PBXFrameworksBuildPhase section */

/* Begin PBXGroup section */
		4181633819A9207600287289 = {
			isa = PBXGroup;
			children = (
				4181634319A9207600287289 /* App_V0 */,
				4181635619A9207600287289 /* App_V0Tests */,
				4181634219A9207600287289 /* Products */,
			);
			sourceTree = "<group>";
		};
		4181634219A9207600287289 /* Products */ = {
			isa = PBXGroup;
			children = (
				4181634119A9207600287289 /* App_V0.app */,
				4181635319A9207600287289 /* App_V0Tests.xctest */,
			);
			name = Products;
			sourceTree = "<group>";
		};
		4181634319A9207600287289 /* App_V0 */ = {
			isa = PBXGroup;
			children = (
				7B7527A119B389840096E7ED /* logos */,
				4181634619A9207600287289 /* AppDelegate.swift */,
				7B723A8A19B219B00046FB56 /* WhereConquestViewController.swift */,
				7B723AB619B22C240046FB56 /* whereLogos */,
				4181637F19AA59FB00287289 /* send.png */,
				4181637319AA2D2F00287289 /* Main.storyboard */,
				4181637719AA3B9A00287289 /* manLogo.png */,
				7B08CC5A19B1FD6B00EAE1B9 /* AppearanceConquestViewController.swift */,
				4181637B19AA3D9E00287289 /* unknownLogo.png */,
				4181637919AA3C4A00287289 /* womanLogo.png */,
				4181636519A9301B00287289 /* connect.png */,
				4181638119AA6A8C00287289 /* RankingConquestViewController.swift */,
				4181637D19AA406E00287289 /* newConquestViewController.swift */,
				4181637519AA2F8D00287289 /* ConnectedViewController.swift */,
				4181634819A9207600287289 /* ViewController.swift */,
				4181636F19AA0FB900287289 /* login.png */,
				4181636719A9349600287289 /* ConnectionViewController.swift */,
				4181634D19A9207600287289 /* Images.xcassets */,
				4181634419A9207600287289 /* Supporting Files */,
				7B723AD319B2360D0046FB56 /* SendConquestViewController.swift */,
			);
			path = App_V0;
			sourceTree = "<group>";
		};
		4181634419A9207600287289 /* Supporting Files */ = {
			isa = PBXGroup;
			children = (
				4181634519A9207600287289 /* Info.plist */,
			);
			name = "Supporting Files";
			sourceTree = "<group>";
		};
		4181635619A9207600287289 /* App_V0Tests */ = {
			isa = PBXGroup;
			children = (
				4181635919A9207600287289 /* App_V0Tests.swift */,
				4181635719A9207600287289 /* Supporting Files */,
			);
			path = App_V0Tests;
			sourceTree = "<group>";
		};
		4181635719A9207600287289 /* Supporting Files */ = {
			isa = PBXGroup;
			children = (
				4181635819A9207600287289 /* Info.plist */,
			);
			name = "Supporting Files";
			sourceTree = "<group>";
		};
		7B723AB619B22C240046FB56 /* whereLogos */ = {
			isa = PBXGroup;
			children = (
				7B723AB719B22C240046FB56 /* airport.png */,
				7B723AB819B22C240046FB56 /* beach.png */,
				7B723AB919B22C240046FB56 /* bedroom.png */,
				7B723ABA19B22C240046FB56 /* car.png */,
				7B723ABB19B22C240046FB56 /* church.png */,
				7B723ABC19B22C240046FB56 /* club.png */,
				7B723ABD19B22C240046FB56 /* hotel.png */,
				7B723ABE19B22C240046FB56 /* jacuzzi.png */,
				7B723ABF19B22C240046FB56 /* kitchen.png */,
				7B723AC019B22C240046FB56 /* parking.png */,
				7B723AC119B22C240046FB56 /* street.png */,
				7B723AC219B22C240046FB56 /* theatre.png */,
				7B723AC319B22C240046FB56 /* titles.psd */,
				7B723AC419B22C240046FB56 /* toilets.png */,
			);
			path = whereLogos;
			sourceTree = "<group>";
		};
		7B7527A119B389840096E7ED /* logos */ = {
			isa = PBXGroup;
			children = (
				7B7527A219B389840096E7ED /* logo1.png */,
			);
			path = logos;
			sourceTree = "<group>";
		};
/* End PBXGroup section */

/* Begin PBXNativeTarget section */
		4181634019A9207600287289 /* App_V0 */ = {
			isa = PBXNativeTarget;
			buildConfigurationList = 4181635D19A9207600287289 /* Build configuration list for PBXNativeTarget "App_V0" */;
			buildPhases = (
				4181633D19A9207600287289 /* Sources */,
				4181633E19A9207600287289 /* Frameworks */,
				4181633F19A9207600287289 /* Resources */,
			);
			buildRules = (
			);
			dependencies = (
			);
			name = App_V0;
			productName = App_V0;
			productReference = 4181634119A9207600287289 /* App_V0.app */;
			productType = "com.apple.product-type.application";
		};
		4181635219A9207600287289 /* App_V0Tests */ = {
			isa = PBXNativeTarget;
			buildConfigurationList = 4181636019A9207600287289 /* Build configuration list for PBXNativeTarget "App_V0Tests" */;
			buildPhases = (
				4181634F19A9207600287289 /* Sources */,
				4181635019A9207600287289 /* Frameworks */,
				4181635119A9207600287289 /* Resources */,
			);
			buildRules = (
			);
			dependencies = (
				4181635519A9207600287289 /* PBXTargetDependency */,
			);
			name = App_V0Tests;
			productName = App_V0Tests;
			productReference = 4181635319A9207600287289 /* App_V0Tests.xctest */;
			productType = "com.apple.product-type.bundle.unit-test";
		};
/* End PBXNativeTarget section */

/* Begin PBXProject section */
		4181633919A9207600287289 /* Project object */ = {
			isa = PBXProject;
			attributes = {
				LastUpgradeCheck = 0600;
				ORGANIZATIONNAME = "Dimitri Hautot";
				TargetAttributes = {
					4181634019A9207600287289 = {
						CreatedOnToolsVersion = 6.0;
						DevelopmentTeam = 44FSX8D2C2;
						SystemCapabilities = {
							com.apple.BackgroundModes = {
								enabled = 0;
							};
						};
					};
					4181635219A9207600287289 = {
						CreatedOnToolsVersion = 6.0;
						TestTargetID = 4181634019A9207600287289;
					};
				};
			};
			buildConfigurationList = 4181633C19A9207600287289 /* Build configuration list for PBXProject "App_V0" */;
			compatibilityVersion = "Xcode 3.2";
			developmentRegion = English;
			hasScannedForEncodings = 0;
			knownRegions = (
				en,
				Base,
			);
			mainGroup = 4181633819A9207600287289;
			productRefGroup = 4181634219A9207600287289 /* Products */;
			projectDirPath = "";
			projectRoot = "";
			targets = (
				4181634019A9207600287289 /* App_V0 */,
				4181635219A9207600287289 /* App_V0Tests */,
			);
		};
/* End PBXProject section */

/* Begin PBXResourcesBuildPhase section */
		4181633F19A9207600287289 /* Resources */ = {
			isa = PBXResourcesBuildPhase;
			buildActionMask = 2147483647;
			files = (
				7B723AC819B22C240046FB56 /* car.png in Resources */,
				4181637419AA2D2F00287289 /* Main.storyboard in Resources */,
				7B723AC619B22C240046FB56 /* beach.png in Resources */,
				7B723ACA19B22C240046FB56 /* club.png in Resources */,
				4181637A19AA3C4A00287289 /* womanLogo.png in Resources */,
				7B723ACF19B22C240046FB56 /* street.png in Resources */,
				7B7527A319B389840096E7ED /* logo1.png in Resources */,
				4181637019AA0FB900287289 /* login.png in Resources */,
				7B723ACE19B22C240046FB56 /* parking.png in Resources */,
				7B723AC719B22C240046FB56 /* bedroom.png in Resources */,
				7B723AC519B22C240046FB56 /* airport.png in Resources */,
				4181637819AA3B9A00287289 /* manLogo.png in Resources */,
				4181636619A9301B00287289 /* connect.png in Resources */,
				7B723AD119B22C240046FB56 /* titles.psd in Resources */,
				7B723AC919B22C240046FB56 /* church.png in Resources */,
				4181638019AA59FB00287289 /* send.png in Resources */,
				4181637C19AA3D9E00287289 /* unknownLogo.png in Resources */,
				7B723AD219B22C240046FB56 /* toilets.png in Resources */,
				7B723ACB19B22C240046FB56 /* hotel.png in Resources */,
				7B723ACC19B22C240046FB56 /* jacuzzi.png in Resources */,
				7B723ACD19B22C240046FB56 /* kitchen.png in Resources */,
				4181634E19A9207600287289 /* Images.xcassets in Resources */,
				7B723AD019B22C240046FB56 /* theatre.png in Resources */,
			);
			runOnlyForDeploymentPostprocessing = 0;
		};
		4181635119A9207600287289 /* Resources */ = {
			isa = PBXResourcesBuildPhase;
			buildActionMask = 2147483647;
			files = (
			);
			runOnlyForDeploymentPostprocessing = 0;
		};
/* End PBXResourcesBuildPhase section */

/* Begin PBXSourcesBuildPhase section */
		4181633D19A9207600287289 /* Sources */ = {
			isa = PBXSourcesBuildPhase;
			buildActionMask = 2147483647;
			files = (
				7B723A8B19B219B00046FB56 /* WhereConquestViewController.swift in Sources */,
				4181634919A9207600287289 /* ViewController.swift in Sources */,
				4181638219AA6A8C00287289 /* RankingConquestViewController.swift in Sources */,
				7B723AD419B2360D0046FB56 /* SendConquestViewController.swift in Sources */,
				4181634719A9207600287289 /* AppDelegate.swift in Sources */,
				4181637E19AA406E00287289 /* newConquestViewController.swift in Sources */,
				4181637619AA2F8D00287289 /* ConnectedViewController.swift in Sources */,
				7B08CC5B19B1FD6B00EAE1B9 /* AppearanceConquestViewController.swift in Sources */,
				4181636819A9349600287289 /* ConnectionViewController.swift in Sources */,
			);
			runOnlyForDeploymentPostprocessing = 0;
		};
		4181634F19A9207600287289 /* Sources */ = {
			isa = PBXSourcesBuildPhase;
			buildActionMask = 2147483647;
			files = (
				4181635A19A9207600287289 /* App_V0Tests.swift in Sources */,
			);
			runOnlyForDeploymentPostprocessing = 0;
		};
/* End PBXSourcesBuildPhase section */

/* Begin PBXTargetDependency section */
		4181635519A9207600287289 /* PBXTargetDependency */ = {
			isa = PBXTargetDependency;
			target = 4181634019A9207600287289 /* App_V0 */;
			targetProxy = 4181635419A9207600287289 /* PBXContainerItemProxy */;
		};
/* End PBXTargetDependency section */

/* Begin XCBuildConfiguration section */
		4181635B19A9207600287289 /* Debug */ = {
			isa = XCBuildConfiguration;
			buildSettings = {
				ALWAYS_SEARCH_USER_PATHS = NO;
				CLANG_CXX_LANGUAGE_STANDARD = "gnu++0x";
				CLANG_CXX_LIBRARY = "libc++";
				CLANG_ENABLE_MODULES = YES;
				CLANG_ENABLE_OBJC_ARC = YES;
				CLANG_WARN_BOOL_CONVERSION = YES;
				CLANG_WARN_CONSTANT_CONVERSION = YES;
				CLANG_WARN_DIRECT_OBJC_ISA_USAGE = YES_ERROR;
				CLANG_WARN_EMPTY_BODY = YES;
				CLANG_WARN_ENUM_CONVERSION = YES;
				CLANG_WARN_INT_CONVERSION = YES;
				CLANG_WARN_OBJC_ROOT_CLASS = YES_ERROR;
				CLANG_WARN_UNREACHABLE_CODE = YES;
				CLANG_WARN__DUPLICATE_METHOD_MATCH = YES;
				"CODE_SIGN_IDENTITY[sdk=iphoneos*]" = "iPhone Developer";
				COPY_PHASE_STRIP = NO;
				ENABLE_STRICT_OBJC_MSGSEND = YES;
				GCC_C_LANGUAGE_STANDARD = gnu99;
				GCC_DYNAMIC_NO_PIC = NO;
				GCC_OPTIMIZATION_LEVEL = 0;
				GCC_PREPROCESSOR_DEFINITIONS = (
					"DEBUG=1",
					"$(inherited)",
				);
				GCC_SYMBOLS_PRIVATE_EXTERN = NO;
				GCC_WARN_64_TO_32_BIT_CONVERSION = YES;
				GCC_WARN_ABOUT_RETURN_TYPE = YES_ERROR;
				GCC_WARN_UNDECLARED_SELECTOR = YES;
				GCC_WARN_UNINITIALIZED_AUTOS = YES_AGGRESSIVE;
				GCC_WARN_UNUSED_FUNCTION = YES;
				GCC_WARN_UNUSED_VARIABLE = YES;
				IPHONEOS_DEPLOYMENT_TARGET = 8.0;
				MTL_ENABLE_DEBUG_INFO = YES;
				ONLY_ACTIVE_ARCH = YES;
				SDKROOT = iphoneos;
				SWIFT_OPTIMIZATION_LEVEL = "-Onone";
			};
			name = Debug;
		};
		4181635C19A9207600287289 /* Release */ = {
			isa = XCBuildConfiguration;
			buildSettings = {
				ALWAYS_SEARCH_USER_PATHS = NO;
				CLANG_CXX_LANGUAGE_STANDARD = "gnu++0x";
				CLANG_CXX_LIBRARY = "libc++";
				CLANG_ENABLE_MODULES = YES;
				CLANG_ENABLE_OBJC_ARC = YES;
				CLANG_WARN_BOOL_CONVERSION = YES;
				CLANG_WARN_CONSTANT_CONVERSION = YES;
				CLANG_WARN_DIRECT_OBJC_ISA_USAGE = YES_ERROR;
				CLANG_WARN_EMPTY_BODY = YES;
				CLANG_WARN_ENUM_CONVERSION = YES;
				CLANG_WARN_INT_CONVERSION = YES;
				CLANG_WARN_OBJC_ROOT_CLASS = YES_ERROR;
				CLANG_WARN_UNREACHABLE_CODE = YES;
				CLANG_WARN__DUPLICATE_METHOD_MATCH = YES;
				"CODE_SIGN_IDENTITY[sdk=iphoneos*]" = "iPhone Developer";
				COPY_PHASE_STRIP = YES;
				ENABLE_NS_ASSERTIONS = NO;
				ENABLE_STRICT_OBJC_MSGSEND = YES;
				GCC_C_LANGUAGE_STANDARD = gnu99;
				GCC_WARN_64_TO_32_BIT_CONVERSION = YES;
				GCC_WARN_ABOUT_RETURN_TYPE = YES_ERROR;
				GCC_WARN_UNDECLARED_SELECTOR = YES;
				GCC_WARN_UNINITIALIZED_AUTOS = YES_AGGRESSIVE;
				GCC_WARN_UNUSED_FUNCTION = YES;
				GCC_WARN_UNUSED_VARIABLE = YES;
				IPHONEOS_DEPLOYMENT_TARGET = 8.0;
				MTL_ENABLE_DEBUG_INFO = NO;
				SDKROOT = iphoneos;
				VALIDATE_PRODUCT = YES;
			};
			name = Release;
		};
		4181635E19A9207600287289 /* Debug */ = {
			isa = XCBuildConfiguration;
			buildSettings = {
				ASSETCATALOG_COMPILER_APPICON_NAME = AppIcon;
				ASSETCATALOG_COMPILER_LAUNCHIMAGE_NAME = LaunchImage;
				CODE_SIGN_IDENTITY = "";
				"CODE_SIGN_IDENTITY[sdk=iphoneos*]" = "";
				INFOPLIST_FILE = App_V0/Info.plist;
				IPHONEOS_DEPLOYMENT_TARGET = 7.0;
				LD_RUNPATH_SEARCH_PATHS = "$(inherited) @executable_path/Frameworks";
				PRODUCT_NAME = "$(TARGET_NAME)";
				PROVISIONING_PROFILE = "95dff5b7-7e6e-4992-8b81-c44738008be0";
			};
			name = Debug;
		};
		4181635F19A9207600287289 /* Release */ = {
			isa = XCBuildConfiguration;
			buildSettings = {
				ASSETCATALOG_COMPILER_APPICON_NAME = AppIcon;
				ASSETCATALOG_COMPILER_LAUNCHIMAGE_NAME = LaunchImage;
				CODE_SIGN_IDENTITY = "";
				"CODE_SIGN_IDENTITY[sdk=iphoneos*]" = "";
				INFOPLIST_FILE = App_V0/Info.plist;
				IPHONEOS_DEPLOYMENT_TARGET = 7.0;
				LD_RUNPATH_SEARCH_PATHS = "$(inherited) @executable_path/Frameworks";
				PRODUCT_NAME = "$(TARGET_NAME)";
				PROVISIONING_PROFILE = "95dff5b7-7e6e-4992-8b81-c44738008be0";
			};
			name = Release;
		};
		4181636119A9207600287289 /* Debug */ = {
			isa = XCBuildConfiguration;
			buildSettings = {
				BUNDLE_LOADER = "$(TEST_HOST)";
				FRAMEWORK_SEARCH_PATHS = (
					"$(SDKROOT)/Developer/Library/Frameworks",
					"$(inherited)",
				);
				GCC_PREPROCESSOR_DEFINITIONS = (
					"DEBUG=1",
					"$(inherited)",
				);
				INFOPLIST_FILE = App_V0Tests/Info.plist;
				LD_RUNPATH_SEARCH_PATHS = "$(inherited) @executable_path/Frameworks @loader_path/Frameworks";
				PRODUCT_NAME = "$(TARGET_NAME)";
				TEST_HOST = "$(BUILT_PRODUCTS_DIR)/App_V0.app/App_V0";
			};
			name = Debug;
		};
		4181636219A9207600287289 /* Release */ = {
			isa = XCBuildConfiguration;
			buildSettings = {
				BUNDLE_LOADER = "$(TEST_HOST)";
				FRAMEWORK_SEARCH_PATHS = (
					"$(SDKROOT)/Developer/Library/Frameworks",
					"$(inherited)",
				);
				INFOPLIST_FILE = App_V0Tests/Info.plist;
				LD_RUNPATH_SEARCH_PATHS = "$(inherited) @executable_path/Frameworks @loader_path/Frameworks";
				PRODUCT_NAME = "$(TARGET_NAME)";
				TEST_HOST = "$(BUILT_PRODUCTS_DIR)/App_V0.app/App_V0";
			};
			name = Release;
		};
/* End XCBuildConfiguration section */

/* Begin XCConfigurationList section */
		4181633C19A9207600287289 /* Build configuration list for PBXProject "App_V0" */ = {
			isa = XCConfigurationList;
			buildConfigurations = (
				4181635B19A9207600287289 /* Debug */,
				4181635C19A9207600287289 /* Release */,
			);
			defaultConfigurationIsVisible = 0;
			defaultConfigurationName = Release;
		};
		4181635D19A9207600287289 /* Build configuration list for PBXNativeTarget "App_V0" */ = {
			isa = XCConfigurationList;
			buildConfigurations = (
				4181635E19A9207600287289 /* Debug */,
				4181635F19A9207600287289 /* Release */,
			);
			defaultConfigurationIsVisible = 0;
			defaultConfigurationName = Release;
		};
		4181636019A9207600287289 /* Build configuration list for PBXNativeTarget "App_V0Tests" */ = {
			isa = XCConfigurationList;
			buildConfigurations = (
				4181636119A9207600287289 /* Debug */,
				4181636219A9207600287289 /* Release */,
			);
			defaultConfigurationIsVisible = 0;
			defaultConfigurationName = Release;
		};
/* End XCConfigurationList section */
	};
	rootObject = 4181633919A9207600287289 /* Project object */;
}
